// !$*UTF8*$!
{
	archiveVersion = 1;
	classes = {
	};
	objectVersion = 56;
	objects = {

/* Begin PBXBuildFile section */
		9ACB43CE295A096A0038C2E7 /* AppDelegate.swift in Sources */ = {isa = PBXBuildFile; fileRef = 9ACB43CD295A096A0038C2E7 /* AppDelegate.swift */; };
		9ACB43D0295A096A0038C2E7 /* SceneDelegate.swift in Sources */ = {isa = PBXBuildFile; fileRef = 9ACB43CF295A096A0038C2E7 /* SceneDelegate.swift */; };
		9ACB43D2295A096A0038C2E7 /* ViewController.swift in Sources */ = {isa = PBXBuildFile; fileRef = 9ACB43D1295A096A0038C2E7 /* ViewController.swift */; };
		9ACB43D5295A096A0038C2E7 /* Main.storyboard in Resources */ = {isa = PBXBuildFile; fileRef = 9ACB43D3295A096A0038C2E7 /* Main.storyboard */; };
		9ACB43D7295A096B0038C2E7 /* Assets.xcassets in Resources */ = {isa = PBXBuildFile; fileRef = 9ACB43D6295A096B0038C2E7 /* Assets.xcassets */; };
		9ACB43DA295A096B0038C2E7 /* LaunchScreen.storyboard in Resources */ = {isa = PBXBuildFile; fileRef = 9ACB43D8295A096B0038C2E7 /* LaunchScreen.storyboard */; };
		9ACB43E3295A09E70038C2E7 /* ExternalAccessory.framework in Frameworks */ = {isa = PBXBuildFile; fileRef = 9ACB43E2295A09E70038C2E7 /* ExternalAccessory.framework */; };
		9ACB43E5295A09FE0038C2E7 /* CoreBluetooth.framework in Frameworks */ = {isa = PBXBuildFile; fileRef = 9ACB43E4295A09FE0038C2E7 /* CoreBluetooth.framework */; };
		9ACB43E7295A0A060038C2E7 /* libintegratedsdk.a in Frameworks */ = {isa = PBXBuildFile; fileRef = 9ACB43E6295A0A060038C2E7 /* libintegratedsdk.a */; };
		9ACB43EA295A0E630038C2E7 /* libsymbolrfid-sdk.a in Frameworks */ = {isa = PBXBuildFile; fileRef = 9ACB43E8295A0E630038C2E7 /* libsymbolrfid-sdk.a */; };
		9ACB43EB295A0E630038C2E7 /* libsymbolbt-sdk.a in Frameworks */ = {isa = PBXBuildFile; fileRef = 9ACB43E9295A0E630038C2E7 /* libsymbolbt-sdk.a */; };
		9ACB43EE295A0F760038C2E7 /* demo.m in Sources */ = {isa = PBXBuildFile; fileRef = 9ACB43ED295A0F760038C2E7 /* demo.m */; };
		9ACB43F0295A10F70038C2E7 /* AudioToolbox.framework in Frameworks */ = {isa = PBXBuildFile; fileRef = 9ACB43EF295A10F70038C2E7 /* AudioToolbox.framework */; };
		9ACB43F2295A16B50038C2E7 /* libz.tbd in Frameworks */ = {isa = PBXBuildFile; fileRef = 9ACB43F1295A16B50038C2E7 /* libz.tbd */; };
		9ACB43F5295B68C50038C2E7 /* ScannerObject.m in Sources */ = {isa = PBXBuildFile; fileRef = 9ACB43F3295B68C50038C2E7 /* ScannerObject.m */; };
		9ACB43FC295B69860038C2E7 /* BarcodeData.m in Sources */ = {isa = PBXBuildFile; fileRef = 9ACB43F6295B69860038C2E7 /* BarcodeData.m */; };
		9ACB43FD295B69860038C2E7 /* BarcodeTypes.m in Sources */ = {isa = PBXBuildFile; fileRef = 9ACB43F9295B69860038C2E7 /* BarcodeTypes.m */; };
		9ACB43FE295B69860038C2E7 /* BarcodeList.m in Sources */ = {isa = PBXBuildFile; fileRef = 9ACB43FA295B69860038C2E7 /* BarcodeList.m */; };
		9ACB4403295C8B930038C2E7 /* ActiveReader.m in Sources */ = {isa = PBXBuildFile; fileRef = 9ACB4402295C8B930038C2E7 /* ActiveReader.m */; };
		9ACB4406295C90720038C2E7 /* RadioOperationEngine.m in Sources */ = {isa = PBXBuildFile; fileRef = 9ACB4405295C90720038C2E7 /* RadioOperationEngine.m */; };
		9ACB4409295C90FE0038C2E7 /* InventoryData.m in Sources */ = {isa = PBXBuildFile; fileRef = 9ACB4408295C90FE0038C2E7 /* InventoryData.m */; };
		9ACB440C295C91500038C2E7 /* InventoryItem.m in Sources */ = {isa = PBXBuildFile; fileRef = 9ACB440B295C91500038C2E7 /* InventoryItem.m */; };
		9ACB440F295C919A0038C2E7 /* RfidAppEngine.m in Sources */ = {isa = PBXBuildFile; fileRef = 9ACB440D295C919A0038C2E7 /* RfidAppEngine.m */; };
		9ACB4412295C91DC0038C2E7 /* SledConfiguration.m in Sources */ = {isa = PBXBuildFile; fileRef = 9ACB4411295C91DC0038C2E7 /* SledConfiguration.m */; };
		9ACB4415295C92140038C2E7 /* RegionData.m in Sources */ = {isa = PBXBuildFile; fileRef = 9ACB4414295C92140038C2E7 /* RegionData.m */; };
		9ACB4418295C92850038C2E7 /* EnumMapper.m in Sources */ = {isa = PBXBuildFile; fileRef = 9ACB4416295C92850038C2E7 /* EnumMapper.m */; };
		9ACB441B295C92C30038C2E7 /* AppConfiguration.m in Sources */ = {isa = PBXBuildFile; fileRef = 9ACB4419295C92C30038C2E7 /* AppConfiguration.m */; };
		9ACB441E295C933B0038C2E7 /* TaglistDataObject.m in Sources */ = {isa = PBXBuildFile; fileRef = 9ACB441C295C933A0038C2E7 /* TaglistDataObject.m */; };
		9ACB4421295C93780038C2E7 /* FileExportManager.m in Sources */ = {isa = PBXBuildFile; fileRef = 9ACB4420295C93780038C2E7 /* FileExportManager.m */; };
		9ACB4424295C93A90038C2E7 /* AlertView.m in Sources */ = {isa = PBXBuildFile; fileRef = 9ACB4422295C93A90038C2E7 /* AlertView.m */; };
		9ACB4427295C93DF0038C2E7 /* MBProgressHUD.m in Sources */ = {isa = PBXBuildFile; fileRef = 9ACB4425295C93DF0038C2E7 /* MBProgressHUD.m */; };
		9ACB442A295C94680038C2E7 /* LinkProfileObject.m in Sources */ = {isa = PBXBuildFile; fileRef = 9ACB4428295C94680038C2E7 /* LinkProfileObject.m */; };
		9ACB4431295C985C0038C2E7 /* ScannerEngine.m in Sources */ = {isa = PBXBuildFile; fileRef = 9ACB4430295C985C0038C2E7 /* ScannerEngine.m */; };
		9ACB4433295C99380038C2E7 /* Foundation.framework in Frameworks */ = {isa = PBXBuildFile; fileRef = 9ACB4432295C99380038C2E7 /* Foundation.framework */; };
		9ACB4435295C99440038C2E7 /* UIKit.framework in Frameworks */ = {isa = PBXBuildFile; fileRef = 9ACB4434295C99440038C2E7 /* UIKit.framework */; };
		9ACB4437295CB36D0038C2E7 /* RFIDVC.swift in Sources */ = {isa = PBXBuildFile; fileRef = 9ACB4436295CB36D0038C2E7 /* RFIDVC.swift */; };
		9ACB4439295CB3810038C2E7 /* BarcodeVC.swift in Sources */ = {isa = PBXBuildFile; fileRef = 9ACB4438295CB3810038C2E7 /* BarcodeVC.swift */; };
/* End PBXBuildFile section */

/* Begin PBXFileReference section */
		9ACB43CA295A096A0038C2E7 /* rfid.app */ = {isa = PBXFileReference; explicitFileType = wrapper.application; includeInIndex = 0; path = rfid.app; sourceTree = BUILT_PRODUCTS_DIR; };
		9ACB43CD295A096A0038C2E7 /* AppDelegate.swift */ = {isa = PBXFileReference; lastKnownFileType = sourcecode.swift; path = AppDelegate.swift; sourceTree = "<group>"; };
		9ACB43CF295A096A0038C2E7 /* SceneDelegate.swift */ = {isa = PBXFileReference; lastKnownFileType = sourcecode.swift; path = SceneDelegate.swift; sourceTree = "<group>"; };
		9ACB43D1295A096A0038C2E7 /* ViewController.swift */ = {isa = PBXFileReference; lastKnownFileType = sourcecode.swift; path = ViewController.swift; sourceTree = "<group>"; };
		9ACB43D4295A096A0038C2E7 /* Base */ = {isa = PBXFileReference; lastKnownFileType = file.storyboard; name = Base; path = Base.lproj/Main.storyboard; sourceTree = "<group>"; };
		9ACB43D6295A096B0038C2E7 /* Assets.xcassets */ = {isa = PBXFileReference; lastKnownFileType = folder.assetcatalog; path = Assets.xcassets; sourceTree = "<group>"; };
		9ACB43D9295A096B0038C2E7 /* Base */ = {isa = PBXFileReference; lastKnownFileType = file.storyboard; name = Base; path = Base.lproj/LaunchScreen.storyboard; sourceTree = "<group>"; };
		9ACB43DB295A096B0038C2E7 /* Info.plist */ = {isa = PBXFileReference; lastKnownFileType = text.plist.xml; path = Info.plist; sourceTree = "<group>"; };
		9ACB43E2295A09E70038C2E7 /* ExternalAccessory.framework */ = {isa = PBXFileReference; lastKnownFileType = wrapper.framework; name = ExternalAccessory.framework; path = System/Library/Frameworks/ExternalAccessory.framework; sourceTree = SDKROOT; };
		9ACB43E4295A09FE0038C2E7 /* CoreBluetooth.framework */ = {isa = PBXFileReference; lastKnownFileType = wrapper.framework; name = CoreBluetooth.framework; path = System/Library/Frameworks/CoreBluetooth.framework; sourceTree = SDKROOT; };
		9ACB43E6295A0A060038C2E7 /* libintegratedsdk.a */ = {isa = PBXFileReference; lastKnownFileType = archive.ar; name = libintegratedsdk.a; path = "symbolrfid-sdk/libintegratedsdk.a"; sourceTree = "<group>"; };
		9ACB43E8295A0E630038C2E7 /* libsymbolrfid-sdk.a */ = {isa = PBXFileReference; lastKnownFileType = archive.ar; name = "libsymbolrfid-sdk.a"; path = "symbolrfid-sdk/libsymbolrfid-sdk.a"; sourceTree = "<group>"; };
		9ACB43E9295A0E630038C2E7 /* libsymbolbt-sdk.a */ = {isa = PBXFileReference; lastKnownFileType = archive.ar; name = "libsymbolbt-sdk.a"; path = "symbolrfid-sdk/libsymbolbt-sdk.a"; sourceTree = "<group>"; };
		9ACB43EC295A0F750038C2E7 /* rfid-Bridging-Header.h */ = {isa = PBXFileReference; lastKnownFileType = sourcecode.c.h; path = "rfid-Bridging-Header.h"; sourceTree = "<group>"; };
		9ACB43ED295A0F760038C2E7 /* demo.m */ = {isa = PBXFileReference; lastKnownFileType = sourcecode.c.objc; path = demo.m; sourceTree = "<group>"; };
		9ACB43EF295A10F70038C2E7 /* AudioToolbox.framework */ = {isa = PBXFileReference; lastKnownFileType = wrapper.framework; name = AudioToolbox.framework; path = System/Library/Frameworks/AudioToolbox.framework; sourceTree = SDKROOT; };
		9ACB43F1295A16B50038C2E7 /* libz.tbd */ = {isa = PBXFileReference; lastKnownFileType = "sourcecode.text-based-dylib-definition"; name = libz.tbd; path = usr/lib/libz.tbd; sourceTree = SDKROOT; };
		9ACB43F3295B68C50038C2E7 /* ScannerObject.m */ = {isa = PBXFileReference; fileEncoding = 4; lastKnownFileType = sourcecode.c.objc; path = ScannerObject.m; sourceTree = "<group>"; };
		9ACB43F4295B68C50038C2E7 /* ScannerObject.h */ = {isa = PBXFileReference; fileEncoding = 4; lastKnownFileType = sourcecode.c.h; path = ScannerObject.h; sourceTree = "<group>"; };
		9ACB43F6295B69860038C2E7 /* BarcodeData.m */ = {isa = PBXFileReference; fileEncoding = 4; lastKnownFileType = sourcecode.c.objc; path = BarcodeData.m; sourceTree = "<group>"; };
		9ACB43F7295B69860038C2E7 /* BarcodeData.h */ = {isa = PBXFileReference; fileEncoding = 4; lastKnownFileType = sourcecode.c.h; path = BarcodeData.h; sourceTree = "<group>"; };
		9ACB43F8295B69860038C2E7 /* BarcodeList.h */ = {isa = PBXFileReference; fileEncoding = 4; lastKnownFileType = sourcecode.c.h; path = BarcodeList.h; sourceTree = "<group>"; };
		9ACB43F9295B69860038C2E7 /* BarcodeTypes.m */ = {isa = PBXFileReference; fileEncoding = 4; lastKnownFileType = sourcecode.c.objc; path = BarcodeTypes.m; sourceTree = "<group>"; };
		9ACB43FA295B69860038C2E7 /* BarcodeList.m */ = {isa = PBXFileReference; fileEncoding = 4; lastKnownFileType = sourcecode.c.objc; path = BarcodeList.m; sourceTree = "<group>"; };
		9ACB43FB295B69860038C2E7 /* BarcodeTypes.h */ = {isa = PBXFileReference; fileEncoding = 4; lastKnownFileType = sourcecode.c.h; path = BarcodeTypes.h; sourceTree = "<group>"; };
		9ACB43FF295B6D490038C2E7 /* config.h */ = {isa = PBXFileReference; fileEncoding = 4; lastKnownFileType = sourcecode.c.h; path = config.h; sourceTree = "<group>"; };
		9ACB4400295B6D890038C2E7 /* ui_config.h */ = {isa = PBXFileReference; fileEncoding = 4; lastKnownFileType = sourcecode.c.h; path = ui_config.h; sourceTree = "<group>"; };
		9ACB4401295C8B920038C2E7 /* ActiveReader.h */ = {isa = PBXFileReference; fileEncoding = 4; lastKnownFileType = sourcecode.c.h; path = ActiveReader.h; sourceTree = "<group>"; };
		9ACB4402295C8B930038C2E7 /* ActiveReader.m */ = {isa = PBXFileReference; fileEncoding = 4; lastKnownFileType = sourcecode.c.objc; path = ActiveReader.m; sourceTree = "<group>"; };
		9ACB4404295C90720038C2E7 /* RadioOperationEngine.h */ = {isa = PBXFileReference; fileEncoding = 4; lastKnownFileType = sourcecode.c.h; path = RadioOperationEngine.h; sourceTree = "<group>"; };
		9ACB4405295C90720038C2E7 /* RadioOperationEngine.m */ = {isa = PBXFileReference; fileEncoding = 4; lastKnownFileType = sourcecode.c.objc; path = RadioOperationEngine.m; sourceTree = "<group>"; };
		9ACB4407295C90FE0038C2E7 /* InventoryData.h */ = {isa = PBXFileReference; fileEncoding = 4; lastKnownFileType = sourcecode.c.h; path = InventoryData.h; sourceTree = "<group>"; };
		9ACB4408295C90FE0038C2E7 /* InventoryData.m */ = {isa = PBXFileReference; fileEncoding = 4; lastKnownFileType = sourcecode.c.objc; path = InventoryData.m; sourceTree = "<group>"; };
		9ACB440A295C91500038C2E7 /* InventoryItem.h */ = {isa = PBXFileReference; fileEncoding = 4; lastKnownFileType = sourcecode.c.h; path = InventoryItem.h; sourceTree = "<group>"; };
		9ACB440B295C91500038C2E7 /* InventoryItem.m */ = {isa = PBXFileReference; fileEncoding = 4; lastKnownFileType = sourcecode.c.objc; path = InventoryItem.m; sourceTree = "<group>"; };
		9ACB440D295C919A0038C2E7 /* RfidAppEngine.m */ = {isa = PBXFileReference; fileEncoding = 4; lastKnownFileType = sourcecode.c.objc; path = RfidAppEngine.m; sourceTree = "<group>"; };
		9ACB440E295C919A0038C2E7 /* RfidAppEngine.h */ = {isa = PBXFileReference; fileEncoding = 4; lastKnownFileType = sourcecode.c.h; path = RfidAppEngine.h; sourceTree = "<group>"; };
		9ACB4410295C91DC0038C2E7 /* SledConfiguration.h */ = {isa = PBXFileReference; fileEncoding = 4; lastKnownFileType = sourcecode.c.h; path = SledConfiguration.h; sourceTree = "<group>"; };
		9ACB4411295C91DC0038C2E7 /* SledConfiguration.m */ = {isa = PBXFileReference; fileEncoding = 4; lastKnownFileType = sourcecode.c.objc; path = SledConfiguration.m; sourceTree = "<group>"; };
		9ACB4413295C92140038C2E7 /* RegionData.h */ = {isa = PBXFileReference; fileEncoding = 4; lastKnownFileType = sourcecode.c.h; path = RegionData.h; sourceTree = "<group>"; };
		9ACB4414295C92140038C2E7 /* RegionData.m */ = {isa = PBXFileReference; fileEncoding = 4; lastKnownFileType = sourcecode.c.objc; path = RegionData.m; sourceTree = "<group>"; };
		9ACB4416295C92850038C2E7 /* EnumMapper.m */ = {isa = PBXFileReference; fileEncoding = 4; lastKnownFileType = sourcecode.c.objc; path = EnumMapper.m; sourceTree = "<group>"; };
		9ACB4417295C92850038C2E7 /* EnumMapper.h */ = {isa = PBXFileReference; fileEncoding = 4; lastKnownFileType = sourcecode.c.h; path = EnumMapper.h; sourceTree = "<group>"; };
		9ACB4419295C92C30038C2E7 /* AppConfiguration.m */ = {isa = PBXFileReference; fileEncoding = 4; lastKnownFileType = sourcecode.c.objc; path = AppConfiguration.m; sourceTree = "<group>"; };
		9ACB441A295C92C30038C2E7 /* AppConfiguration.h */ = {isa = PBXFileReference; fileEncoding = 4; lastKnownFileType = sourcecode.c.h; path = AppConfiguration.h; sourceTree = "<group>"; };
		9ACB441C295C933A0038C2E7 /* TaglistDataObject.m */ = {isa = PBXFileReference; fileEncoding = 4; lastKnownFileType = sourcecode.c.objc; path = TaglistDataObject.m; sourceTree = "<group>"; };
		9ACB441D295C933B0038C2E7 /* TaglistDataObject.h */ = {isa = PBXFileReference; fileEncoding = 4; lastKnownFileType = sourcecode.c.h; path = TaglistDataObject.h; sourceTree = "<group>"; };
		9ACB441F295C93780038C2E7 /* FileExportManager.h */ = {isa = PBXFileReference; fileEncoding = 4; lastKnownFileType = sourcecode.c.h; path = FileExportManager.h; sourceTree = "<group>"; };
		9ACB4420295C93780038C2E7 /* FileExportManager.m */ = {isa = PBXFileReference; fileEncoding = 4; lastKnownFileType = sourcecode.c.objc; path = FileExportManager.m; sourceTree = "<group>"; };
		9ACB4422295C93A90038C2E7 /* AlertView.m */ = {isa = PBXFileReference; fileEncoding = 4; lastKnownFileType = sourcecode.c.objc; path = AlertView.m; sourceTree = "<group>"; };
		9ACB4423295C93A90038C2E7 /* AlertView.h */ = {isa = PBXFileReference; fileEncoding = 4; lastKnownFileType = sourcecode.c.h; path = AlertView.h; sourceTree = "<group>"; };
		9ACB4425295C93DF0038C2E7 /* MBProgressHUD.m */ = {isa = PBXFileReference; fileEncoding = 4; lastKnownFileType = sourcecode.c.objc; path = MBProgressHUD.m; sourceTree = "<group>"; };
		9ACB4426295C93DF0038C2E7 /* MBProgressHUD.h */ = {isa = PBXFileReference; fileEncoding = 4; lastKnownFileType = sourcecode.c.h; path = MBProgressHUD.h; sourceTree = "<group>"; };
		9ACB4428295C94680038C2E7 /* LinkProfileObject.m */ = {isa = PBXFileReference; fileEncoding = 4; lastKnownFileType = sourcecode.c.objc; path = LinkProfileObject.m; sourceTree = "<group>"; };
		9ACB4429295C94680038C2E7 /* LinkProfileObject.h */ = {isa = PBXFileReference; fileEncoding = 4; lastKnownFileType = sourcecode.c.h; path = LinkProfileObject.h; sourceTree = "<group>"; };
		9ACB442B295C94860038C2E7 /* RfidAppKeys.h */ = {isa = PBXFileReference; fileEncoding = 4; lastKnownFileType = sourcecode.c.h; path = RfidAppKeys.h; sourceTree = "<group>"; };
		9ACB442F295C985C0038C2E7 /* ScannerEngine.h */ = {isa = PBXFileReference; fileEncoding = 4; lastKnownFileType = sourcecode.c.h; path = ScannerEngine.h; sourceTree = "<group>"; };
		9ACB4430295C985C0038C2E7 /* ScannerEngine.m */ = {isa = PBXFileReference; fileEncoding = 4; lastKnownFileType = sourcecode.c.objc; path = ScannerEngine.m; sourceTree = "<group>"; };
		9ACB4432295C99380038C2E7 /* Foundation.framework */ = {isa = PBXFileReference; lastKnownFileType = wrapper.framework; name = Foundation.framework; path = System/Library/Frameworks/Foundation.framework; sourceTree = SDKROOT; };
		9ACB4434295C99440038C2E7 /* UIKit.framework */ = {isa = PBXFileReference; lastKnownFileType = wrapper.framework; name = UIKit.framework; path = System/Library/Frameworks/UIKit.framework; sourceTree = SDKROOT; };
		9ACB4436295CB36D0038C2E7 /* RFIDVC.swift */ = {isa = PBXFileReference; lastKnownFileType = sourcecode.swift; path = RFIDVC.swift; sourceTree = "<group>"; };
		9ACB4438295CB3810038C2E7 /* BarcodeVC.swift */ = {isa = PBXFileReference; lastKnownFileType = sourcecode.swift; path = BarcodeVC.swift; sourceTree = "<group>"; };
/* End PBXFileReference section */

/* Begin PBXFrameworksBuildPhase section */
		9ACB43C7295A096A0038C2E7 /* Frameworks */ = {
			isa = PBXFrameworksBuildPhase;
			buildActionMask = 2147483647;
			files = (
				9ACB4435295C99440038C2E7 /* UIKit.framework in Frameworks */,
				9ACB4433295C99380038C2E7 /* Foundation.framework in Frameworks */,
				9ACB43F2295A16B50038C2E7 /* libz.tbd in Frameworks */,
				9ACB43F0295A10F70038C2E7 /* AudioToolbox.framework in Frameworks */,
				9ACB43EA295A0E630038C2E7 /* libsymbolrfid-sdk.a in Frameworks */,
				9ACB43EB295A0E630038C2E7 /* libsymbolbt-sdk.a in Frameworks */,
				9ACB43E7295A0A060038C2E7 /* libintegratedsdk.a in Frameworks */,
				9ACB43E5295A09FE0038C2E7 /* CoreBluetooth.framework in Frameworks */,
				9ACB43E3295A09E70038C2E7 /* ExternalAccessory.framework in Frameworks */,
			);
			runOnlyForDeploymentPostprocessing = 0;
		};
/* End PBXFrameworksBuildPhase section */

/* Begin PBXGroup section */
		9ACB43C1295A096A0038C2E7 = {
			isa = PBXGroup;
			children = (
				9ACB442F295C985C0038C2E7 /* ScannerEngine.h */,
				9ACB4430295C985C0038C2E7 /* ScannerEngine.m */,
				9ACB442B295C94860038C2E7 /* RfidAppKeys.h */,
				9ACB4429295C94680038C2E7 /* LinkProfileObject.h */,
				9ACB4428295C94680038C2E7 /* LinkProfileObject.m */,
				9ACB4426295C93DF0038C2E7 /* MBProgressHUD.h */,
				9ACB4425295C93DF0038C2E7 /* MBProgressHUD.m */,
				9ACB4423295C93A90038C2E7 /* AlertView.h */,
				9ACB4422295C93A90038C2E7 /* AlertView.m */,
				9ACB441F295C93780038C2E7 /* FileExportManager.h */,
				9ACB4420295C93780038C2E7 /* FileExportManager.m */,
				9ACB441D295C933B0038C2E7 /* TaglistDataObject.h */,
				9ACB441C295C933A0038C2E7 /* TaglistDataObject.m */,
				9ACB441A295C92C30038C2E7 /* AppConfiguration.h */,
				9ACB4419295C92C30038C2E7 /* AppConfiguration.m */,
				9ACB4417295C92850038C2E7 /* EnumMapper.h */,
				9ACB4416295C92850038C2E7 /* EnumMapper.m */,
				9ACB4413295C92140038C2E7 /* RegionData.h */,
				9ACB4414295C92140038C2E7 /* RegionData.m */,
				9ACB4410295C91DC0038C2E7 /* SledConfiguration.h */,
				9ACB4411295C91DC0038C2E7 /* SledConfiguration.m */,
				9ACB440E295C919A0038C2E7 /* RfidAppEngine.h */,
				9ACB440D295C919A0038C2E7 /* RfidAppEngine.m */,
				9ACB440A295C91500038C2E7 /* InventoryItem.h */,
				9ACB440B295C91500038C2E7 /* InventoryItem.m */,
				9ACB4407295C90FE0038C2E7 /* InventoryData.h */,
				9ACB4408295C90FE0038C2E7 /* InventoryData.m */,
				9ACB4404295C90720038C2E7 /* RadioOperationEngine.h */,
				9ACB4405295C90720038C2E7 /* RadioOperationEngine.m */,
				9ACB4401295C8B920038C2E7 /* ActiveReader.h */,
				9ACB4402295C8B930038C2E7 /* ActiveReader.m */,
				9ACB4400295B6D890038C2E7 /* ui_config.h */,
				9ACB43FF295B6D490038C2E7 /* config.h */,
				9ACB43F7295B69860038C2E7 /* BarcodeData.h */,
				9ACB43F6295B69860038C2E7 /* BarcodeData.m */,
				9ACB43F8295B69860038C2E7 /* BarcodeList.h */,
				9ACB43FA295B69860038C2E7 /* BarcodeList.m */,
				9ACB43FB295B69860038C2E7 /* BarcodeTypes.h */,
				9ACB43F9295B69860038C2E7 /* BarcodeTypes.m */,
				9ACB43F4295B68C50038C2E7 /* ScannerObject.h */,
				9ACB43F3295B68C50038C2E7 /* ScannerObject.m */,
				9ACB43ED295A0F760038C2E7 /* demo.m */,
				9ACB43CC295A096A0038C2E7 /* rfid */,
				9ACB43CB295A096A0038C2E7 /* Products */,
				9ACB43E1295A09E70038C2E7 /* Frameworks */,
				9ACB43EC295A0F750038C2E7 /* rfid-Bridging-Header.h */,
			);
			sourceTree = "<group>";
		};
		9ACB43CB295A096A0038C2E7 /* Products */ = {
			isa = PBXGroup;
			children = (
				9ACB43CA295A096A0038C2E7 /* rfid.app */,
			);
			name = Products;
			sourceTree = "<group>";
		};
		9ACB43CC295A096A0038C2E7 /* rfid */ = {
			isa = PBXGroup;
			children = (
				9ACB43CD295A096A0038C2E7 /* AppDelegate.swift */,
				9ACB43CF295A096A0038C2E7 /* SceneDelegate.swift */,
				9ACB43D1295A096A0038C2E7 /* ViewController.swift */,
				9ACB43D3295A096A0038C2E7 /* Main.storyboard */,
				9ACB43D6295A096B0038C2E7 /* Assets.xcassets */,
				9ACB43D8295A096B0038C2E7 /* LaunchScreen.storyboard */,
				9ACB43DB295A096B0038C2E7 /* Info.plist */,
				9ACB4436295CB36D0038C2E7 /* RFIDVC.swift */,
				9ACB4438295CB3810038C2E7 /* BarcodeVC.swift */,
			);
			path = rfid;
			sourceTree = "<group>";
		};
		9ACB43E1295A09E70038C2E7 /* Frameworks */ = {
			isa = PBXGroup;
			children = (
				9ACB4434295C99440038C2E7 /* UIKit.framework */,
				9ACB4432295C99380038C2E7 /* Foundation.framework */,
				9ACB43F1295A16B50038C2E7 /* libz.tbd */,
				9ACB43EF295A10F70038C2E7 /* AudioToolbox.framework */,
				9ACB43E9295A0E630038C2E7 /* libsymbolbt-sdk.a */,
				9ACB43E8295A0E630038C2E7 /* libsymbolrfid-sdk.a */,
				9ACB43E6295A0A060038C2E7 /* libintegratedsdk.a */,
				9ACB43E4295A09FE0038C2E7 /* CoreBluetooth.framework */,
				9ACB43E2295A09E70038C2E7 /* ExternalAccessory.framework */,
			);
			name = Frameworks;
			sourceTree = "<group>";
		};
/* End PBXGroup section */

/* Begin PBXNativeTarget section */
		9ACB43C9295A096A0038C2E7 /* rfid */ = {
			isa = PBXNativeTarget;
			buildConfigurationList = 9ACB43DE295A096B0038C2E7 /* Build configuration list for PBXNativeTarget "rfid" */;
			buildPhases = (
				9ACB43C6295A096A0038C2E7 /* Sources */,
				9ACB43C7295A096A0038C2E7 /* Frameworks */,
				9ACB43C8295A096A0038C2E7 /* Resources */,
			);
			buildRules = (
			);
			dependencies = (
			);
			name = rfid;
			productName = rfid;
			productReference = 9ACB43CA295A096A0038C2E7 /* rfid.app */;
			productType = "com.apple.product-type.application";
		};
/* End PBXNativeTarget section */

/* Begin PBXProject section */
		9ACB43C2295A096A0038C2E7 /* Project object */ = {
			isa = PBXProject;
			attributes = {
				BuildIndependentTargetsInParallel = 1;
				LastSwiftUpdateCheck = 1410;
				LastUpgradeCheck = 1410;
				TargetAttributes = {
					9ACB43C9295A096A0038C2E7 = {
						CreatedOnToolsVersion = 14.1;
						LastSwiftMigration = 1410;
					};
				};
			};
			buildConfigurationList = 9ACB43C5295A096A0038C2E7 /* Build configuration list for PBXProject "rfid" */;
			compatibilityVersion = "Xcode 14.0";
			developmentRegion = en;
			hasScannedForEncodings = 0;
			knownRegions = (
				en,
				Base,
			);
			mainGroup = 9ACB43C1295A096A0038C2E7;
			productRefGroup = 9ACB43CB295A096A0038C2E7 /* Products */;
			projectDirPath = "";
			projectRoot = "";
			targets = (
				9ACB43C9295A096A0038C2E7 /* rfid */,
			);
		};
/* End PBXProject section */

/* Begin PBXResourcesBuildPhase section */
		9ACB43C8295A096A0038C2E7 /* Resources */ = {
			isa = PBXResourcesBuildPhase;
			buildActionMask = 2147483647;
			files = (
				9ACB43DA295A096B0038C2E7 /* LaunchScreen.storyboard in Resources */,
				9ACB43D7295A096B0038C2E7 /* Assets.xcassets in Resources */,
				9ACB43D5295A096A0038C2E7 /* Main.storyboard in Resources */,
			);
			runOnlyForDeploymentPostprocessing = 0;
		};
/* End PBXResourcesBuildPhase section */

/* Begin PBXSourcesBuildPhase section */
		9ACB43C6295A096A0038C2E7 /* Sources */ = {
			isa = PBXSourcesBuildPhase;
			buildActionMask = 2147483647;
			files = (
				9ACB4412295C91DC0038C2E7 /* SledConfiguration.m in Sources */,
				9ACB4418295C92850038C2E7 /* EnumMapper.m in Sources */,
				9ACB4421295C93780038C2E7 /* FileExportManager.m in Sources */,
				9ACB43D2295A096A0038C2E7 /* ViewController.swift in Sources */,
				9ACB43CE295A096A0038C2E7 /* AppDelegate.swift in Sources */,
				9ACB4424295C93A90038C2E7 /* AlertView.m in Sources */,
				9ACB441B295C92C30038C2E7 /* AppConfiguration.m in Sources */,
				9ACB43FC295B69860038C2E7 /* BarcodeData.m in Sources */,
				9ACB440C295C91500038C2E7 /* InventoryItem.m in Sources */,
				9ACB441E295C933B0038C2E7 /* TaglistDataObject.m in Sources */,
				9ACB442A295C94680038C2E7 /* LinkProfileObject.m in Sources */,
				9ACB4403295C8B930038C2E7 /* ActiveReader.m in Sources */,
				9ACB4439295CB3810038C2E7 /* BarcodeVC.swift in Sources */,
				9ACB43EE295A0F760038C2E7 /* demo.m in Sources */,
				9ACB4409295C90FE0038C2E7 /* InventoryData.m in Sources */,
				9ACB4427295C93DF0038C2E7 /* MBProgressHUD.m in Sources */,
				9ACB43FE295B69860038C2E7 /* BarcodeList.m in Sources */,
				9ACB4431295C985C0038C2E7 /* ScannerEngine.m in Sources */,
				9ACB43FD295B69860038C2E7 /* BarcodeTypes.m in Sources */,
				9ACB440F295C919A0038C2E7 /* RfidAppEngine.m in Sources */,
				9ACB4406295C90720038C2E7 /* RadioOperationEngine.m in Sources */,
				9ACB43D0295A096A0038C2E7 /* SceneDelegate.swift in Sources */,
				9ACB4437295CB36D0038C2E7 /* RFIDVC.swift in Sources */,
				9ACB4415295C92140038C2E7 /* RegionData.m in Sources */,
				9ACB43F5295B68C50038C2E7 /* ScannerObject.m in Sources */,
			);
			runOnlyForDeploymentPostprocessing = 0;
		};
/* End PBXSourcesBuildPhase section */

/* Begin PBXVariantGroup section */
		9ACB43D3295A096A0038C2E7 /* Main.storyboard */ = {
			isa = PBXVariantGroup;
			children = (
				9ACB43D4295A096A0038C2E7 /* Base */,
			);
			name = Main.storyboard;
			sourceTree = "<group>";
		};
		9ACB43D8295A096B0038C2E7 /* LaunchScreen.storyboard */ = {
			isa = PBXVariantGroup;
			children = (
				9ACB43D9295A096B0038C2E7 /* Base */,
			);
			name = LaunchScreen.storyboard;
			sourceTree = "<group>";
		};
/* End PBXVariantGroup section */

/* Begin XCBuildConfiguration section */
		9ACB43DC295A096B0038C2E7 /* Debug */ = {
			isa = XCBuildConfiguration;
			buildSettings = {
				ALWAYS_SEARCH_USER_PATHS = NO;
				CLANG_ANALYZER_NONNULL = YES;
				CLANG_ANALYZER_NUMBER_OBJECT_CONVERSION = YES_AGGRESSIVE;
				CLANG_CXX_LANGUAGE_STANDARD = "gnu++20";
				CLANG_ENABLE_MODULES = YES;
				CLANG_ENABLE_OBJC_ARC = YES;
				CLANG_ENABLE_OBJC_WEAK = YES;
				CLANG_WARN_BLOCK_CAPTURE_AUTORELEASING = YES;
				CLANG_WARN_BOOL_CONVERSION = YES;
				CLANG_WARN_COMMA = YES;
				CLANG_WARN_CONSTANT_CONVERSION = YES;
				CLANG_WARN_DEPRECATED_OBJC_IMPLEMENTATIONS = YES;
				CLANG_WARN_DIRECT_OBJC_ISA_USAGE = YES_ERROR;
				CLANG_WARN_DOCUMENTATION_COMMENTS = YES;
				CLANG_WARN_EMPTY_BODY = YES;
				CLANG_WARN_ENUM_CONVERSION = YES;
				CLANG_WARN_INFINITE_RECURSION = YES;
				CLANG_WARN_INT_CONVERSION = YES;
				CLANG_WARN_NON_LITERAL_NULL_CONVERSION = YES;
				CLANG_WARN_OBJC_IMPLICIT_RETAIN_SELF = YES;
				CLANG_WARN_OBJC_LITERAL_CONVERSION = YES;
				CLANG_WARN_OBJC_ROOT_CLASS = YES_ERROR;
				CLANG_WARN_QUOTED_INCLUDE_IN_FRAMEWORK_HEADER = YES;
				CLANG_WARN_RANGE_LOOP_ANALYSIS = YES;
				CLANG_WARN_STRICT_PROTOTYPES = YES;
				CLANG_WARN_SUSPICIOUS_MOVE = YES;
				CLANG_WARN_UNGUARDED_AVAILABILITY = YES_AGGRESSIVE;
				CLANG_WARN_UNREACHABLE_CODE = YES;
				CLANG_WARN__DUPLICATE_METHOD_MATCH = YES;
				COPY_PHASE_STRIP = NO;
				DEBUG_INFORMATION_FORMAT = dwarf;
				ENABLE_STRICT_OBJC_MSGSEND = YES;
				ENABLE_TESTABILITY = YES;
				GCC_C_LANGUAGE_STANDARD = gnu11;
				GCC_DYNAMIC_NO_PIC = NO;
				GCC_NO_COMMON_BLOCKS = YES;
				GCC_OPTIMIZATION_LEVEL = 0;
				GCC_PREPROCESSOR_DEFINITIONS = (
					"DEBUG=1",
					"$(inherited)",
				);
				GCC_WARN_64_TO_32_BIT_CONVERSION = YES;
				GCC_WARN_ABOUT_RETURN_TYPE = YES_ERROR;
				GCC_WARN_UNDECLARED_SELECTOR = YES;
				GCC_WARN_UNINITIALIZED_AUTOS = YES_AGGRESSIVE;
				GCC_WARN_UNUSED_FUNCTION = YES;
				GCC_WARN_UNUSED_VARIABLE = YES;
				IPHONEOS_DEPLOYMENT_TARGET = 16.1;
				MTL_ENABLE_DEBUG_INFO = INCLUDE_SOURCE;
				MTL_FAST_MATH = YES;
				ONLY_ACTIVE_ARCH = YES;
				SDKROOT = iphoneos;
				SWIFT_ACTIVE_COMPILATION_CONDITIONS = DEBUG;
				SWIFT_OPTIMIZATION_LEVEL = "-Onone";
			};
			name = Debug;
		};
		9ACB43DD295A096B0038C2E7 /* Release */ = {
			isa = XCBuildConfiguration;
			buildSettings = {
				ALWAYS_SEARCH_USER_PATHS = NO;
				CLANG_ANALYZER_NONNULL = YES;
				CLANG_ANALYZER_NUMBER_OBJECT_CONVERSION = YES_AGGRESSIVE;
				CLANG_CXX_LANGUAGE_STANDARD = "gnu++20";
				CLANG_ENABLE_MODULES = YES;
				CLANG_ENABLE_OBJC_ARC = YES;
				CLANG_ENABLE_OBJC_WEAK = YES;
				CLANG_WARN_BLOCK_CAPTURE_AUTORELEASING = YES;
				CLANG_WARN_BOOL_CONVERSION = YES;
				CLANG_WARN_COMMA = YES;
				CLANG_WARN_CONSTANT_CONVERSION = YES;
				CLANG_WARN_DEPRECATED_OBJC_IMPLEMENTATIONS = YES;
				CLANG_WARN_DIRECT_OBJC_ISA_USAGE = YES_ERROR;
				CLANG_WARN_DOCUMENTATION_COMMENTS = YES;
				CLANG_WARN_EMPTY_BODY = YES;
				CLANG_WARN_ENUM_CONVERSION = YES;
				CLANG_WARN_INFINITE_RECURSION = YES;
				CLANG_WARN_INT_CONVERSION = YES;
				CLANG_WARN_NON_LITERAL_NULL_CONVERSION = YES;
				CLANG_WARN_OBJC_IMPLICIT_RETAIN_SELF = YES;
				CLANG_WARN_OBJC_LITERAL_CONVERSION = YES;
				CLANG_WARN_OBJC_ROOT_CLASS = YES_ERROR;
				CLANG_WARN_QUOTED_INCLUDE_IN_FRAMEWORK_HEADER = YES;
				CLANG_WARN_RANGE_LOOP_ANALYSIS = YES;
				CLANG_WARN_STRICT_PROTOTYPES = YES;
				CLANG_WARN_SUSPICIOUS_MOVE = YES;
				CLANG_WARN_UNGUARDED_AVAILABILITY = YES_AGGRESSIVE;
				CLANG_WARN_UNREACHABLE_CODE = YES;
				CLANG_WARN__DUPLICATE_METHOD_MATCH = YES;
				COPY_PHASE_STRIP = NO;
				DEBUG_INFORMATION_FORMAT = "dwarf-with-dsym";
				ENABLE_NS_ASSERTIONS = NO;
				ENABLE_STRICT_OBJC_MSGSEND = YES;
				GCC_C_LANGUAGE_STANDARD = gnu11;
				GCC_NO_COMMON_BLOCKS = YES;
				GCC_WARN_64_TO_32_BIT_CONVERSION = YES;
				GCC_WARN_ABOUT_RETURN_TYPE = YES_ERROR;
				GCC_WARN_UNDECLARED_SELECTOR = YES;
				GCC_WARN_UNINITIALIZED_AUTOS = YES_AGGRESSIVE;
				GCC_WARN_UNUSED_FUNCTION = YES;
				GCC_WARN_UNUSED_VARIABLE = YES;
				IPHONEOS_DEPLOYMENT_TARGET = 16.1;
				MTL_ENABLE_DEBUG_INFO = NO;
				MTL_FAST_MATH = YES;
				SDKROOT = iphoneos;
				SWIFT_COMPILATION_MODE = wholemodule;
				SWIFT_OPTIMIZATION_LEVEL = "-O";
				VALIDATE_PRODUCT = YES;
			};
			name = Release;
		};
		9ACB43DF295A096B0038C2E7 /* Debug */ = {
			isa = XCBuildConfiguration;
			buildSettings = {
				ASSETCATALOG_COMPILER_APPICON_NAME = AppIcon;
				ASSETCATALOG_COMPILER_GLOBAL_ACCENT_COLOR_NAME = AccentColor;
				CLANG_ENABLE_MODULES = YES;
				CLANG_ENABLE_OBJC_ARC = NO;
				CODE_SIGN_STYLE = Automatic;
				CURRENT_PROJECT_VERSION = 1;
				DEVELOPMENT_TEAM = 7BKP4J9P38;
				GENERATE_INFOPLIST_FILE = YES;
				INFOPLIST_FILE = rfid/Info.plist;
				INFOPLIST_KEY_UIApplicationSupportsIndirectInputEvents = YES;
				INFOPLIST_KEY_UILaunchStoryboardName = LaunchScreen;
				INFOPLIST_KEY_UIMainStoryboardFile = Main;
				INFOPLIST_KEY_UISupportedInterfaceOrientations_iPad = "UIInterfaceOrientationPortrait UIInterfaceOrientationPortraitUpsideDown UIInterfaceOrientationLandscapeLeft UIInterfaceOrientationLandscapeRight";
				INFOPLIST_KEY_UISupportedInterfaceOrientations_iPhone = "UIInterfaceOrientationPortrait UIInterfaceOrientationLandscapeLeft UIInterfaceOrientationLandscapeRight";
				IPHONEOS_DEPLOYMENT_TARGET = 13.0;
				LD_RUNPATH_SEARCH_PATHS = (
					"$(inherited)",
					"@executable_path/Frameworks",
				);
				LIBRARY_SEARCH_PATHS = (
					"$(inherited)",
					"$(PROJECT_DIR)/symbolrfid-sdk",
				);
				MARKETING_VERSION = 1.0;
				PRODUCT_BUNDLE_IDENTIFIER = com.lmsoftware.rfid;
				PRODUCT_NAME = "$(TARGET_NAME)";
				SWIFT_EMIT_LOC_STRINGS = YES;
				SWIFT_OBJC_BRIDGING_HEADER = "rfid-Bridging-Header.h";
				SWIFT_OPTIMIZATION_LEVEL = "-Onone";
				SWIFT_VERSION = 5.0;
				TARGETED_DEVICE_FAMILY = "1,2";
				USER_HEADER_SEARCH_PATHS = "$(SRCROOT)/symbolrfid-sdk/include/";
			};
			name = Debug;
		};
		9ACB43E0295A096B0038C2E7 /* Release */ = {
			isa = XCBuildConfiguration;
			buildSettings = {
				ASSETCATALOG_COMPILER_APPICON_NAME = AppIcon;
				ASSETCATALOG_COMPILER_GLOBAL_ACCENT_COLOR_NAME = AccentColor;
				CLANG_ENABLE_MODULES = YES;
				CLANG_ENABLE_OBJC_ARC = NO;
				CODE_SIGN_STYLE = Automatic;
				CURRENT_PROJECT_VERSION = 1;
				DEVELOPMENT_TEAM = 7BKP4J9P38;
				GENERATE_INFOPLIST_FILE = YES;
				INFOPLIST_FILE = rfid/Info.plist;
				INFOPLIST_KEY_UIApplicationSupportsIndirectInputEvents = YES;
				INFOPLIST_KEY_UILaunchStoryboardName = LaunchScreen;
				INFOPLIST_KEY_UIMainStoryboardFile = Main;
				INFOPLIST_KEY_UISupportedInterfaceOrientations_iPad = "UIInterfaceOrientationPortrait UIInterfaceOrientationPortraitUpsideDown UIInterfaceOrientationLandscapeLeft UIInterfaceOrientationLandscapeRight";
				INFOPLIST_KEY_UISupportedInterfaceOrientations_iPhone = "UIInterfaceOrientationPortrait UIInterfaceOrientationLandscapeLeft UIInterfaceOrientationLandscapeRight";
				IPHONEOS_DEPLOYMENT_TARGET = 13.0;
				LD_RUNPATH_SEARCH_PATHS = (
					"$(inherited)",
					"@executable_path/Frameworks",
				);
				LIBRARY_SEARCH_PATHS = (
					"$(inherited)",
					"$(PROJECT_DIR)/symbolrfid-sdk",
				);
				MARKETING_VERSION = 1.0;
				PRODUCT_BUNDLE_IDENTIFIER = com.lmsoftware.rfid;
				PRODUCT_NAME = "$(TARGET_NAME)";
				SWIFT_EMIT_LOC_STRINGS = YES;
				SWIFT_OBJC_BRIDGING_HEADER = "rfid-Bridging-Header.h";
				SWIFT_VERSION = 5.0;
				TARGETED_DEVICE_FAMILY = "1,2";
				USER_HEADER_SEARCH_PATHS = "$(SRCROOT)/symbolrfid-sdk/include/";
			};
			name = Release;
		};
/* End XCBuildConfiguration section */

/* Begin XCConfigurationList section */
		9ACB43C5295A096A0038C2E7 /* Build configuration list for PBXProject "rfid" */ = {
			isa = XCConfigurationList;
			buildConfigurations = (
				9ACB43DC295A096B0038C2E7 /* Debug */,
				9ACB43DD295A096B0038C2E7 /* Release */,
			);
			defaultConfigurationIsVisible = 0;
			defaultConfigurationName = Release;
		};
		9ACB43DE295A096B0038C2E7 /* Build configuration list for PBXNativeTarget "rfid" */ = {
			isa = XCConfigurationList;
			buildConfigurations = (
				9ACB43DF295A096B0038C2E7 /* Debug */,
				9ACB43E0295A096B0038C2E7 /* Release */,
			);
			defaultConfigurationIsVisible = 0;
			defaultConfigurationName = Release;
		};
/* End XCConfigurationList section */
	};
	rootObject = 9ACB43C2295A096A0038C2E7 /* Project object */;
}
